{
    "_meta": {
        "hash": {
            "sha256": "2b3bf58bb401d190670c43d2a6328be95977424ca1b88a5109bba51da11d008f"
        },
        "pipfile-spec": 6,
        "requires": {
            "python_version": "3.8"
        },
        "sources": [
            {
                "name": "pypi",
                "url": "https://pypi.org/simple",
                "verify_ssl": true
            }
        ]
    },
    "default": {
        "click": {
            "hashes": [
                "sha256:7682dc8afb30297001674575ea00d1814d808d6a36af415a82bd481d37ba7b8e",
                "sha256:bb4d8133cb15a609f44e8213d9b391b0809795062913b383c62be0ee95b1db48"
            ],
            "markers": "python_version >= '3.7'",
            "version": "==8.1.3"
        },
        "colorlog": {
            "hashes": [
                "sha256:0d33ca236784a1ba3ff9c532d4964126d8a2c44f1f0cb1d2b0728196f512f662",
                "sha256:bd94bd21c1e13fac7bd3153f4bc3a7dc0eb0974b8bc2fdf1a989e474f6e582e5"
            ],
            "index": "pypi",
            "version": "==6.7.0"
        },
        "logjam": {
            "editable": true,
            "path": "."
        },
        "lorem": {
            "hashes": [
                "sha256:785f4109a241fc2891e59705e85d065f6e6d3ed6ad91750a8cb54d4f3e59d934",
                "sha256:c9c2914b5a772022417c398bd74b7bbd712e73ff029ba82720855e458f13ae42"
            ],
            "index": "pypi",
            "version": "==0.1.1"
        },
        "python-json-logger": {
            "hashes": [
                "sha256:23e7ec02d34237c5aa1e29a070193a4ea87583bb4e7f8fd06d3de8264c4b2e1c",
                "sha256:f380b826a991ebbe3de4d897aeec42760035ac760345e57b812938dc8b35e2bd"
            ],
            "index": "pypi",
            "version": "==2.0.7"
        }
    },
    "develop": {}
}